// !$*UTF8*$!
{
	archiveVersion = 1;
	classes = {
	};
	objectVersion = 56;
	objects = {

/* Begin PBXBuildFile section */
		5A7816B82BDA43D0008F1BBD /* AppDelegate.swift in Sources */ = {isa = PBXBuildFile; fileRef = 5A7816B72BDA43D0008F1BBD /* AppDelegate.swift */; };
		5A7816BA2BDA43D0008F1BBD /* SceneDelegate.swift in Sources */ = {isa = PBXBuildFile; fileRef = 5A7816B92BDA43D0008F1BBD /* SceneDelegate.swift */; };
		5A7816BC2BDA43D0008F1BBD /* ViewController.swift in Sources */ = {isa = PBXBuildFile; fileRef = 5A7816BB2BDA43D0008F1BBD /* ViewController.swift */; };
		5A7816BF2BDA43D0008F1BBD /* Main.storyboard in Resources */ = {isa = PBXBuildFile; fileRef = 5A7816BD2BDA43D0008F1BBD /* Main.storyboard */; };
		5A7816C12BDA43D1008F1BBD /* Assets.xcassets in Resources */ = {isa = PBXBuildFile; fileRef = 5A7816C02BDA43D1008F1BBD /* Assets.xcassets */; };
		5A7816C42BDA43D1008F1BBD /* LaunchScreen.storyboard in Resources */ = {isa = PBXBuildFile; fileRef = 5A7816C22BDA43D1008F1BBD /* LaunchScreen.storyboard */; };
		5A7816CD2BDA44E2008F1BBD /* TaskTableViewCell.swift in Sources */ = {isa = PBXBuildFile; fileRef = 5A7816CB2BDA44E2008F1BBD /* TaskTableViewCell.swift */; };
		5A7816CE2BDA44E2008F1BBD /* TaskTableViewCell.xib in Resources */ = {isa = PBXBuildFile; fileRef = 5A7816CC2BDA44E2008F1BBD /* TaskTableViewCell.xib */; };
		5A7816D02BDA4531008F1BBD /* Post.swift in Sources */ = {isa = PBXBuildFile; fileRef = 5A7816CF2BDA4531008F1BBD /* Post.swift */; };
		5A7816D22BDA50D5008F1BBD /* DetailsViewController.swift in Sources */ = {isa = PBXBuildFile; fileRef = 5A7816D12BDA50D5008F1BBD /* DetailsViewController.swift */; };
/* End PBXBuildFile section */

/* Begin PBXFileReference section */
		5A7816B42BDA43D0008F1BBD /* Task.app */ = {isa = PBXFileReference; explicitFileType = wrapper.application; includeInIndex = 0; path = Task.app; sourceTree = BUILT_PRODUCTS_DIR; };
		5A7816B72BDA43D0008F1BBD /* AppDelegate.swift */ = {isa = PBXFileReference; lastKnownFileType = sourcecode.swift; path = AppDelegate.swift; sourceTree = "<group>"; };
		5A7816B92BDA43D0008F1BBD /* SceneDelegate.swift */ = {isa = PBXFileReference; lastKnownFileType = sourcecode.swift; path = SceneDelegate.swift; sourceTree = "<group>"; };
		5A7816BB2BDA43D0008F1BBD /* ViewController.swift */ = {isa = PBXFileReference; lastKnownFileType = sourcecode.swift; path = ViewController.swift; sourceTree = "<group>"; };
		5A7816BE2BDA43D0008F1BBD /* Base */ = {isa = PBXFileReference; lastKnownFileType = file.storyboard; name = Base; path = Base.lproj/Main.storyboard; sourceTree = "<group>"; };
		5A7816C02BDA43D1008F1BBD /* Assets.xcassets */ = {isa = PBXFileReference; lastKnownFileType = folder.assetcatalog; path = Assets.xcassets; sourceTree = "<group>"; };
		5A7816C32BDA43D1008F1BBD /* Base */ = {isa = PBXFileReference; lastKnownFileType = file.storyboard; name = Base; path = Base.lproj/LaunchScreen.storyboard; sourceTree = "<group>"; };
		5A7816C52BDA43D1008F1BBD /* Info.plist */ = {isa = PBXFileReference; lastKnownFileType = text.plist.xml; path = Info.plist; sourceTree = "<group>"; };
		5A7816CB2BDA44E2008F1BBD /* TaskTableViewCell.swift */ = {isa = PBXFileReference; lastKnownFileType = sourcecode.swift; path = TaskTableViewCell.swift; sourceTree = "<group>"; };
		5A7816CC2BDA44E2008F1BBD /* TaskTableViewCell.xib */ = {isa = PBXFileReference; lastKnownFileType = file.xib; path = TaskTableViewCell.xib; sourceTree = "<group>"; };
		5A7816CF2BDA4531008F1BBD /* Post.swift */ = {isa = PBXFileReference; lastKnownFileType = sourcecode.swift; path = Post.swift; sourceTree = "<group>"; };
		5A7816D12BDA50D5008F1BBD /* DetailsViewController.swift */ = {isa = PBXFileReference; lastKnownFileType = sourcecode.swift; path = DetailsViewController.swift; sourceTree = "<group>"; };
/* End PBXFileReference section */

/* Begin PBXFrameworksBuildPhase section */
		5A7816B12BDA43D0008F1BBD /* Frameworks */ = {
			isa = PBXFrameworksBuildPhase;
			buildActionMask = 2147483647;
			files = (
			);
			runOnlyForDeploymentPostprocessing = 0;
		};
/* End PBXFrameworksBuildPhase section */

/* Begin PBXGroup section */
		5A7816AB2BDA43D0008F1BBD = {
			isa = PBXGroup;
			children = (
				5A7816B62BDA43D0008F1BBD /* Task */,
				5A7816B52BDA43D0008F1BBD /* Products */,
			);
			sourceTree = "<group>";
		};
		5A7816B52BDA43D0008F1BBD /* Products */ = {
			isa = PBXGroup;
			children = (
				5A7816B42BDA43D0008F1BBD /* Task.app */,
			);
			name = Products;
			sourceTree = "<group>";
		};
		5A7816B62BDA43D0008F1BBD /* Task */ = {
			isa = PBXGroup;
			children = (
				5A7816D52BDA5E4D008F1BBD /* Controllers */,
				5A7816D42BDA5E3B008F1BBD /* Views */,
				5A7816D32BDA5E34008F1BBD /* Model */,
				5A7816C52BDA43D1008F1BBD /* Info.plist */,
			);
			path = Task;
			sourceTree = "<group>";
		};
		5A7816D32BDA5E34008F1BBD /* Model */ = {
			isa = PBXGroup;
			children = (
				5A7816CF2BDA4531008F1BBD /* Post.swift */,
			);
			path = Model;
			sourceTree = "<group>";
		};
		5A7816D42BDA5E3B008F1BBD /* Views */ = {
			isa = PBXGroup;
			children = (
				5A7816C22BDA43D1008F1BBD /* LaunchScreen.storyboard */,
				5A7816CC2BDA44E2008F1BBD /* TaskTableViewCell.xib */,
				5A7816BD2BDA43D0008F1BBD /* Main.storyboard */,
				5A7816C02BDA43D1008F1BBD /* Assets.xcassets */,
			);
			path = Views;
			sourceTree = "<group>";
		};
		5A7816D52BDA5E4D008F1BBD /* Controllers */ = {
			isa = PBXGroup;
			children = (
				5A7816B72BDA43D0008F1BBD /* AppDelegate.swift */,
				5A7816B92BDA43D0008F1BBD /* SceneDelegate.swift */,
				5A7816BB2BDA43D0008F1BBD /* ViewController.swift */,
				5A7816CB2BDA44E2008F1BBD /* TaskTableViewCell.swift */,
				5A7816D12BDA50D5008F1BBD /* DetailsViewController.swift */,
			);
			path = Controllers;
			sourceTree = "<group>";
		};
/* End PBXGroup section */

/* Begin PBXNativeTarget section */
		5A7816B32BDA43D0008F1BBD /* Task */ = {
			isa = PBXNativeTarget;
			buildConfigurationList = 5A7816C82BDA43D1008F1BBD /* Build configuration list for PBXNativeTarget "Task" */;
			buildPhases = (
				5A7816B02BDA43D0008F1BBD /* Sources */,
				5A7816B12BDA43D0008F1BBD /* Frameworks */,
				5A7816B22BDA43D0008F1BBD /* Resources */,
			);
			buildRules = (
			);
			dependencies = (
			);
			name = Task;
			productName = Task;
			productReference = 5A7816B42BDA43D0008F1BBD /* Task.app */;
			productType = "com.apple.product-type.application";
		};
/* End PBXNativeTarget section */

/* Begin PBXProject section */
		5A7816AC2BDA43D0008F1BBD /* Project object */ = {
			isa = PBXProject;
			attributes = {
				BuildIndependentTargetsInParallel = 1;
				LastSwiftUpdateCheck = 1500;
				LastUpgradeCheck = 1500;
				TargetAttributes = {
					5A7816B32BDA43D0008F1BBD = {
						CreatedOnToolsVersion = 15.0;
					};
				};
			};
			buildConfigurationList = 5A7816AF2BDA43D0008F1BBD /* Build configuration list for PBXProject "Task" */;
			compatibilityVersion = "Xcode 14.0";
			developmentRegion = en;
			hasScannedForEncodings = 0;
			knownRegions = (
				en,
				Base,
			);
			mainGroup = 5A7816AB2BDA43D0008F1BBD;
			productRefGroup = 5A7816B52BDA43D0008F1BBD /* Products */;
			projectDirPath = "";
			projectRoot = "";
			targets = (
				5A7816B32BDA43D0008F1BBD /* Task */,
			);
		};
/* End PBXProject section */

/* Begin PBXResourcesBuildPhase section */
		5A7816B22BDA43D0008F1BBD /* Resources */ = {
			isa = PBXResourcesBuildPhase;
			buildActionMask = 2147483647;
			files = (
				5A7816CE2BDA44E2008F1BBD /* TaskTableViewCell.xib in Resources */,
				5A7816C42BDA43D1008F1BBD /* LaunchScreen.storyboard in Resources */,
				5A7816C12BDA43D1008F1BBD /* Assets.xcassets in Resources */,
				5A7816BF2BDA43D0008F1BBD /* Main.storyboard in Resources */,
			);
			runOnlyForDeploymentPostprocessing = 0;
		};
/* End PBXResourcesBuildPhase section */

/* Begin PBXSourcesBuildPhase section */
		5A7816B02BDA43D0008F1BBD /* Sources */ = {
			isa = PBXSourcesBuildPhase;
			buildActionMask = 2147483647;
			files = (
				5A7816CD2BDA44E2008F1BBD /* TaskTableViewCell.swift in Sources */,
				5A7816BC2BDA43D0008F1BBD /* ViewController.swift in Sources */,
				5A7816B82BDA43D0008F1BBD /* AppDelegate.swift in Sources */,
				5A7816BA2BDA43D0008F1BBD /* SceneDelegate.swift in Sources */,
				5A7816D02BDA4531008F1BBD /* Post.swift in Sources */,
				5A7816D22BDA50D5008F1BBD /* DetailsViewController.swift in Sources */,
			);
			runOnlyForDeploymentPostprocessing = 0;
		};
/* End PBXSourcesBuildPhase section */

/* Begin PBXVariantGroup section */
		5A7816BD2BDA43D0008F1BBD /* Main.storyboard */ = {
			isa = PBXVariantGroup;
			children = (
				5A7816BE2BDA43D0008F1BBD /* Base */,
			);
			name = Main.storyboard;
			sourceTree = "<group>";
		};
		5A7816C22BDA43D1008F1BBD /* LaunchScreen.storyboard */ = {
			isa = PBXVariantGroup;
			children = (
				5A7816C32BDA43D1008F1BBD /* Base */,
			);
			name = LaunchScreen.storyboard;
			sourceTree = "<group>";
		};
/* End PBXVariantGroup section */

/* Begin XCBuildConfiguration section */
		5A7816C62BDA43D1008F1BBD /* Debug */ = {
			isa = XCBuildConfiguration;
			buildSettings = {
				ALWAYS_SEARCH_USER_PATHS = NO;
				ASSETCATALOG_COMPILER_GENERATE_SWIFT_ASSET_SYMBOL_EXTENSIONS = YES;
				CLANG_ANALYZER_NONNULL = YES;
				CLANG_ANALYZER_NUMBER_OBJECT_CONVERSION = YES_AGGRESSIVE;
				CLANG_CXX_LANGUAGE_STANDARD = "gnu++20";
				CLANG_ENABLE_MODULES = YES;
				CLANG_ENABLE_OBJC_ARC = YES;
				CLANG_ENABLE_OBJC_WEAK = YES;
				CLANG_WARN_BLOCK_CAPTURE_AUTORELEASING = YES;
				CLANG_WARN_BOOL_CONVERSION = YES;
				CLANG_WARN_COMMA = YES;
				CLANG_WARN_CONSTANT_CONVERSION = YES;
				CLANG_WARN_DEPRECATED_OBJC_IMPLEMENTATIONS = YES;
				CLANG_WARN_DIRECT_OBJC_ISA_USAGE = YES_ERROR;
				CLANG_WARN_DOCUMENTATION_COMMENTS = YES;
				CLANG_WARN_EMPTY_BODY = YES;
				CLANG_WARN_ENUM_CONVERSION = YES;
				CLANG_WARN_INFINITE_RECURSION = YES;
				CLANG_WARN_INT_CONVERSION = YES;
				CLANG_WARN_NON_LITERAL_NULL_CONVERSION = YES;
				CLANG_WARN_OBJC_IMPLICIT_RETAIN_SELF = YES;
				CLANG_WARN_OBJC_LITERAL_CONVERSION = YES;
				CLANG_WARN_OBJC_ROOT_CLASS = YES_ERROR;
				CLANG_WARN_QUOTED_INCLUDE_IN_FRAMEWORK_HEADER = YES;
				CLANG_WARN_RANGE_LOOP_ANALYSIS = YES;
				CLANG_WARN_STRICT_PROTOTYPES = YES;
				CLANG_WARN_SUSPICIOUS_MOVE = YES;
				CLANG_WARN_UNGUARDED_AVAILABILITY = YES_AGGRESSIVE;
				CLANG_WARN_UNREACHABLE_CODE = YES;
				CLANG_WARN__DUPLICATE_METHOD_MATCH = YES;
				COPY_PHASE_STRIP = NO;
				DEBUG_INFORMATION_FORMAT = dwarf;
				ENABLE_STRICT_OBJC_MSGSEND = YES;
				ENABLE_TESTABILITY = YES;
				ENABLE_USER_SCRIPT_SANDBOXING = YES;
				GCC_C_LANGUAGE_STANDARD = gnu17;
				GCC_DYNAMIC_NO_PIC = NO;
				GCC_NO_COMMON_BLOCKS = YES;
				GCC_OPTIMIZATION_LEVEL = 0;
				GCC_PREPROCESSOR_DEFINITIONS = (
					"DEBUG=1",
					"$(inherited)",
				);
				GCC_WARN_64_TO_32_BIT_CONVERSION = YES;
				GCC_WARN_ABOUT_RETURN_TYPE = YES_ERROR;
				GCC_WARN_UNDECLARED_SELECTOR = YES;
				GCC_WARN_UNINITIALIZED_AUTOS = YES_AGGRESSIVE;
				GCC_WARN_UNUSED_FUNCTION = YES;
				GCC_WARN_UNUSED_VARIABLE = YES;
				IPHONEOS_DEPLOYMENT_TARGET = 17.0;
				LOCALIZATION_PREFERS_STRING_CATALOGS = YES;
				MTL_ENABLE_DEBUG_INFO = INCLUDE_SOURCE;
				MTL_FAST_MATH = YES;
				ONLY_ACTIVE_ARCH = YES;
				SDKROOT = iphoneos;
				SWIFT_ACTIVE_COMPILATION_CONDITIONS = "DEBUG $(inherited)";
				SWIFT_OPTIMIZATION_LEVEL = "-Onone";
			};
			name = Debug;
		};
		5A7816C72BDA43D1008F1BBD /* Release */ = {
			isa = XCBuildConfiguration;
			buildSettings = {
				ALWAYS_SEARCH_USER_PATHS = NO;
				ASSETCATALOG_COMPILER_GENERATE_SWIFT_ASSET_SYMBOL_EXTENSIONS = YES;
				CLANG_ANALYZER_NONNULL = YES;
				CLANG_ANALYZER_NUMBER_OBJECT_CONVERSION = YES_AGGRESSIVE;
				CLANG_CXX_LANGUAGE_STANDARD = "gnu++20";
				CLANG_ENABLE_MODULES = YES;
				CLANG_ENABLE_OBJC_ARC = YES;
				CLANG_ENABLE_OBJC_WEAK = YES;
				CLANG_WARN_BLOCK_CAPTURE_AUTORELEASING = YES;
				CLANG_WARN_BOOL_CONVERSION = YES;
				CLANG_WARN_COMMA = YES;
				CLANG_WARN_CONSTANT_CONVERSION = YES;
				CLANG_WARN_DEPRECATED_OBJC_IMPLEMENTATIONS = YES;
				CLANG_WARN_DIRECT_OBJC_ISA_USAGE = YES_ERROR;
				CLANG_WARN_DOCUMENTATION_COMMENTS = YES;
				CLANG_WARN_EMPTY_BODY = YES;
				CLANG_WARN_ENUM_CONVERSION = YES;
				CLANG_WARN_INFINITE_RECURSION = YES;
				CLANG_WARN_INT_CONVERSION = YES;
				CLANG_WARN_NON_LITERAL_NULL_CONVERSION = YES;
				CLANG_WARN_OBJC_IMPLICIT_RETAIN_SELF = YES;
				CLANG_WARN_OBJC_LITERAL_CONVERSION = YES;
				CLANG_WARN_OBJC_ROOT_CLASS = YES_ERROR;
				CLANG_WARN_QUOTED_INCLUDE_IN_FRAMEWORK_HEADER = YES;
				CLANG_WARN_RANGE_LOOP_ANALYSIS = YES;
				CLANG_WARN_STRICT_PROTOTYPES = YES;
				CLANG_WARN_SUSPICIOUS_MOVE = YES;
				CLANG_WARN_UNGUARDED_AVAILABILITY = YES_AGGRESSIVE;
				CLANG_WARN_UNREACHABLE_CODE = YES;
				CLANG_WARN__DUPLICATE_METHOD_MATCH = YES;
				COPY_PHASE_STRIP = NO;
				DEBUG_INFORMATION_FORMAT = "dwarf-with-dsym";
				ENABLE_NS_ASSERTIONS = NO;
				ENABLE_STRICT_OBJC_MSGSEND = YES;
				ENABLE_USER_SCRIPT_SANDBOXING = YES;
				GCC_C_LANGUAGE_STANDARD = gnu17;
				GCC_NO_COMMON_BLOCKS = YES;
				GCC_WARN_64_TO_32_BIT_CONVERSION = YES;
				GCC_WARN_ABOUT_RETURN_TYPE = YES_ERROR;
				GCC_WARN_UNDECLARED_SELECTOR = YES;
				GCC_WARN_UNINITIALIZED_AUTOS = YES_AGGRESSIVE;
				GCC_WARN_UNUSED_FUNCTION = YES;
				GCC_WARN_UNUSED_VARIABLE = YES;
				IPHONEOS_DEPLOYMENT_TARGET = 17.0;
				LOCALIZATION_PREFERS_STRING_CATALOGS = YES;
				MTL_ENABLE_DEBUG_INFO = NO;
				MTL_FAST_MATH = YES;
				SDKROOT = iphoneos;
				SWIFT_COMPILATION_MODE = wholemodule;
				VALIDATE_PRODUCT = YES;
			};
			name = Release;
		};
		5A7816C92BDA43D1008F1BBD /* Debug */ = {
			isa = XCBuildConfiguration;
			buildSettings = {
				ASSETCATALOG_COMPILER_APPICON_NAME = AppIcon;
				ASSETCATALOG_COMPILER_GLOBAL_ACCENT_COLOR_NAME = AccentColor;
				CODE_SIGN_STYLE = Automatic;
				CURRENT_PROJECT_VERSION = 1;
				GENERATE_INFOPLIST_FILE = YES;
				INFOPLIST_FILE = Task/Info.plist;
				INFOPLIST_KEY_UIApplicationSupportsIndirectInputEvents = YES;
				INFOPLIST_KEY_UILaunchStoryboardName = LaunchScreen;
				INFOPLIST_KEY_UIMainStoryboardFile = Main;
				INFOPLIST_KEY_UISupportedInterfaceOrientations_iPad = "UIInterfaceOrientationPortrait UIInterfaceOrientationPortraitUpsideDown UIInterfaceOrientationLandscapeLeft UIInterfaceOrientationLandscapeRight";
				INFOPLIST_KEY_UISupportedInterfaceOrientations_iPhone = "UIInterfaceOrientationPortrait UIInterfaceOrientationLandscapeLeft UIInterfaceOrientationLandscapeRight";
				LD_RUNPATH_SEARCH_PATHS = (
					"$(inherited)",
					"@executable_path/Frameworks",
				);
				MARKETING_VERSION = 1.0;
				PRODUCT_BUNDLE_IDENTIFIER = com.ratheesh.Task;
				PRODUCT_NAME = "$(TARGET_NAME)";
				SWIFT_EMIT_LOC_STRINGS = YES;
				SWIFT_VERSION = 5.0;
				TARGETED_DEVICE_FAMILY = "1,2";
			};
			name = Debug;
		};
		5A7816CA2BDA43D1008F1BBD /* Release */ = {
			isa = XCBuildConfiguration;
			buildSettings = {
				ASSETCATALOG_COMPILER_APPICON_NAME = AppIcon;
				ASSETCATALOG_COMPILER_GLOBAL_ACCENT_COLOR_NAME = AccentColor;
				CODE_SIGN_STYLE = Automatic;
				CURRENT_PROJECT_VERSION = 1;
				GENERATE_INFOPLIST_FILE = YES;
				INFOPLIST_FILE = Task/Info.plist;
				INFOPLIST_KEY_UIApplicationSupportsIndirectInputEvents = YES;
				INFOPLIST_KEY_UILaunchStoryboardName = LaunchScreen;
				INFOPLIST_KEY_UIMainStoryboardFile = Main;
				INFOPLIST_KEY_UISupportedInterfaceOrientations_iPad = "UIInterfaceOrientationPortrait UIInterfaceOrientationPortraitUpsideDown UIInterfaceOrientationLandscapeLeft UIInterfaceOrientationLandscapeRight";
				INFOPLIST_KEY_UISupportedInterfaceOrientations_iPhone = "UIInterfaceOrientationPortrait UIInterfaceOrientationLandscapeLeft UIInterfaceOrientationLandscapeRight";
				LD_RUNPATH_SEARCH_PATHS = (
					"$(inherited)",
					"@executable_path/Frameworks",
				);
				MARKETING_VERSION = 1.0;
				PRODUCT_BUNDLE_IDENTIFIER = com.ratheesh.Task;
				PRODUCT_NAME = "$(TARGET_NAME)";
				SWIFT_EMIT_LOC_STRINGS = YES;
				SWIFT_VERSION = 5.0;
				TARGETED_DEVICE_FAMILY = "1,2";
			};
			name = Release;
		};
/* End XCBuildConfiguration section */

/* Begin XCConfigurationList section */
		5A7816AF2BDA43D0008F1BBD /* Build configuration list for PBXProject "Task" */ = {
			isa = XCConfigurationList;
			buildConfigurations = (
				5A7816C62BDA43D1008F1BBD /* Debug */,
				5A7816C72BDA43D1008F1BBD /* Release */,
			);
			defaultConfigurationIsVisible = 0;
			defaultConfigurationName = Release;
		};
		5A7816C82BDA43D1008F1BBD /* Build configuration list for PBXNativeTarget "Task" */ = {
			isa = XCConfigurationList;
			buildConfigurations = (
				5A7816C92BDA43D1008F1BBD /* Debug */,
				5A7816CA2BDA43D1008F1BBD /* Release */,
			);
			defaultConfigurationIsVisible = 0;
			defaultConfigurationName = Release;
		};
/* End XCConfigurationList section */
	};
	rootObject = 5A7816AC2BDA43D0008F1BBD /* Project object */;
}
